
Microsoft Visual Studio Solution File, Format Version 12.00
# Visual Studio Version 17
VisualStudioVersion = 17.13.35931.197 d17.13
MinimumVisualStudioVersion = 10.0.40219.1
Project("{FAE04EC0-301F-11D3-BF4B-00C04F79EFBC}") = "Homita", "Homita\Homita.csproj", "{9BEBF491-A5AC-4D59-A319-6BAB3211CE80}"
EndProject
Global
	GlobalSection(SolutionConfigurationPlatforms) = preSolution
		Debug|Any CPU = Debug|Any CPU
		Release|Any CPU = Release|Any CPU
	EndGlobalSection
	GlobalSection(ProjectConfigurationPlatforms) = postSolution
		{9BEBF491-A5AC-4D59-A319-6BAB3211CE80}.Debug|Any CPU.ActiveCfg = Debug|Any CPU
		{9BEBF491-A5AC-4D59-A319-6BAB3211CE80}.Debug|Any CPU.Build.0 = Debug|Any CPU
		{9BEBF491-A5AC-4D59-A319-6BAB3211CE80}.Release|Any CPU.ActiveCfg = Release|Any CPU
		{9BEBF491-A5AC-4D59-A319-6BAB3211CE80}.Release|Any CPU.Build.0 = Release|Any CPU
	EndGlobalSection
	GlobalSection(SolutionProperties) = preSolution
		HideSolutionNode = FALSE
	EndGlobalSection
	GlobalSection(ExtensibilityGlobals) = postSolution
		SolutionGuid = {0BA9B1B2-2195-4D8D-95A6-7A18641D0833}
	EndGlobalSection
EndGlobal
